
Microsoft Visual Studio Solution File, Format Version 12.00
# Visual Studio 15
VisualStudioVersion = 15.0.27004.2008
MinimumVisualStudioVersion = 10.0.40219.1
Project("{FAE04EC0-301F-11D3-BF4B-00C04F79EFBC}") = "Telerik_OOP_03_Principles_SchoolClasses", "Telerik_OOP_03_Principles_SchoolClasses\Telerik_OOP_03_Principles_SchoolClasses.csproj", "{4FD50487-3959-41ED-BBD4-C11E1AAAD4EB}"
EndProject
Global
	GlobalSection(SolutionConfigurationPlatforms) = preSolution
		Debug|Any CPU = Debug|Any CPU
		Release|Any CPU = Release|Any CPU
	EndGlobalSection
	GlobalSection(ProjectConfigurationPlatforms) = postSolution
		{4FD50487-3959-41ED-BBD4-C11E1AAAD4EB}.Debug|Any CPU.ActiveCfg = Debug|Any CPU
		{4FD50487-3959-41ED-BBD4-C11E1AAAD4EB}.Debug|Any CPU.Build.0 = Debug|Any CPU
		{4FD50487-3959-41ED-BBD4-C11E1AAAD4EB}.Release|Any CPU.ActiveCfg = Release|Any CPU
		{4FD50487-3959-41ED-BBD4-C11E1AAAD4EB}.Release|Any CPU.Build.0 = Release|Any CPU
	EndGlobalSection
	GlobalSection(SolutionProperties) = preSolution
		HideSolutionNode = FALSE
	EndGlobalSection
	GlobalSection(ExtensibilityGlobals) = postSolution
		SolutionGuid = {7F25BA68-8178-4523-843A-7718A48B3030}
	EndGlobalSection
EndGlobal
