
Microsoft Visual Studio Solution File, Format Version 12.00
# Visual Studio 15
VisualStudioVersion = 15.0.27004.2008
MinimumVisualStudioVersion = 10.0.40219.1
Project("{FAE04EC0-301F-11D3-BF4B-00C04F79EFBC}") = "01_Yesterday", "Telerik_Alpha_EntranceExam_10_13\01_Yesterday.csproj", "{073A4791-ADAC-4801-A3D8-E05DD481D3CD}"
EndProject
Project("{FAE04EC0-301F-11D3-BF4B-00C04F79EFBC}") = "02_PrimeTriangle", "02_PrimeTriangle\02_PrimeTriangle.csproj", "{EB4EEB96-CB9D-467D-89FE-A451AEFD973D}"
EndProject
Project("{FAE04EC0-301F-11D3-BF4B-00C04F79EFBC}") = "03_Hops", "03_Hops\03_Hops.csproj", "{A3632EFA-9299-40FF-A18B-C1460F139607}"
EndProject
Global
	GlobalSection(SolutionConfigurationPlatforms) = preSolution
		Debug|Any CPU = Debug|Any CPU
		Release|Any CPU = Release|Any CPU
	EndGlobalSection
	GlobalSection(ProjectConfigurationPlatforms) = postSolution
		{073A4791-ADAC-4801-A3D8-E05DD481D3CD}.Debug|Any CPU.ActiveCfg = Debug|Any CPU
		{073A4791-ADAC-4801-A3D8-E05DD481D3CD}.Debug|Any CPU.Build.0 = Debug|Any CPU
		{073A4791-ADAC-4801-A3D8-E05DD481D3CD}.Release|Any CPU.ActiveCfg = Release|Any CPU
		{073A4791-ADAC-4801-A3D8-E05DD481D3CD}.Release|Any CPU.Build.0 = Release|Any CPU
		{EB4EEB96-CB9D-467D-89FE-A451AEFD973D}.Debug|Any CPU.ActiveCfg = Debug|Any CPU
		{EB4EEB96-CB9D-467D-89FE-A451AEFD973D}.Debug|Any CPU.Build.0 = Debug|Any CPU
		{EB4EEB96-CB9D-467D-89FE-A451AEFD973D}.Release|Any CPU.ActiveCfg = Release|Any CPU
		{EB4EEB96-CB9D-467D-89FE-A451AEFD973D}.Release|Any CPU.Build.0 = Release|Any CPU
		{A3632EFA-9299-40FF-A18B-C1460F139607}.Debug|Any CPU.ActiveCfg = Debug|Any CPU
		{A3632EFA-9299-40FF-A18B-C1460F139607}.Debug|Any CPU.Build.0 = Debug|Any CPU
		{A3632EFA-9299-40FF-A18B-C1460F139607}.Release|Any CPU.ActiveCfg = Release|Any CPU
		{A3632EFA-9299-40FF-A18B-C1460F139607}.Release|Any CPU.Build.0 = Release|Any CPU
	EndGlobalSection
	GlobalSection(SolutionProperties) = preSolution
		HideSolutionNode = FALSE
	EndGlobalSection
	GlobalSection(ExtensibilityGlobals) = postSolution
		SolutionGuid = {96C9DA0F-AB41-456C-AA98-34C86B79C278}
	EndGlobalSection
EndGlobal
